
Microsoft Visual Studio Solution File, Format Version 12.00
# Visual Studio Version 16
VisualStudioVersion = 16.0.29306.81
MinimumVisualStudioVersion = 10.0.40219.1
Project("{9A19103F-16F7-4668-BE54-9A1E7A4F7556}") = "Capstone", "Capstone.csproj", "{8DAD53BF-1259-4A92-A7F4-EA35B0EF0943}"
EndProject
Global
	GlobalSection(SolutionConfigurationPlatforms) = preSolution
		Debug|Any CPU = Debug|Any CPU
		Release|Any CPU = Release|Any CPU
	EndGlobalSection
	GlobalSection(ProjectConfigurationPlatforms) = postSolution
		{8DAD53BF-1259-4A92-A7F4-EA35B0EF0943}.Debug|Any CPU.ActiveCfg = Debug|Any CPU
		{8DAD53BF-1259-4A92-A7F4-EA35B0EF0943}.Debug|Any CPU.Build.0 = Debug|Any CPU
		{8DAD53BF-1259-4A92-A7F4-EA35B0EF0943}.Release|Any CPU.ActiveCfg = Release|Any CPU
		{8DAD53BF-1259-4A92-A7F4-EA35B0EF0943}.Release|Any CPU.Build.0 = Release|Any CPU
	EndGlobalSection
	GlobalSection(SolutionProperties) = preSolution
		HideSolutionNode = FALSE
	EndGlobalSection
	GlobalSection(ExtensibilityGlobals) = postSolution
		SolutionGuid = {2E4EFAC1-42C9-4592-A5F8-E0207CC8B475}
	EndGlobalSection
EndGlobal
